// !$*UTF8*$!
{
	archiveVersion = 1;
	classes = {
	};
	objectVersion = 77;
	objects = {

/* Begin PBXContainerItemProxy section */
		67888EBC3030F2730004E861 /* PBXContainerItemProxy */ = {
			isa = PBXContainerItemProxy;
			containerPortal = 67888EA63030F2710004E861 /* Project object */;
			proxyType = 1;
			remoteGlobalIDString = 67888EAD3030F2710004E861;
			remoteInfo = stillcharging;
		};
		67888EC63030F2730004E861 /* PBXContainerItemProxy */ = {
			isa = PBXContainerItemProxy;
			containerPortal = 67888EA63030F2710004E861 /* Project object */;
			proxyType = 1;
			remoteGlobalIDString = 67888EAD3030F2710004E861;
			remoteInfo = stillcharging;
		};
/* End PBXContainerItemProxy section */

/* Begin PBXFileReference section */
		67888EAE3030F2710004E861 /* stillcharging.app */ = {isa = PBXFileReference; explicitFileType = wrapper.application; includeInIndex = 0; path = stillcharging.app; sourceTree = BUILT_PRODUCTS_DIR; };
		67888EBB3030F2730004E861 /* stillchargingTests.xctest */ = {isa = PBXFileReference; explicitFileType = wrapper.cfbundle; includeInIndex = 0; path = stillchargingTests.xctest; sourceTree = BUILT_PRODUCTS_DIR; };
		67888EC53030F2730004E861 /* stillchargingUITests.xctest */ = {isa = PBXFileReference; explicitFileType = wrapper.cfbundle; includeInIndex = 0; path = stillchargingUITests.xctest; sourceTree = BUILT_PRODUCTS_DIR; };
		A10000000000000000000001 /* StillChargingMac.app */ = {isa = PBXFileReference; explicitFileType = wrapper.application; includeInIndex = 0; path = StillChargingMac.app; sourceTree = BUILT_PRODUCTS_DIR; };
/* End PBXFileReference section */

/* Begin PBXFileSystemSynchronizedBuildFileExceptionSet section */
		A1000000000000000000000B /* Exceptions for "stillcharging" folder in "stillcharging" target */ = {
			isa = PBXFileSystemSynchronizedBuildFileExceptionSet;
			membershipExceptions = (
				Info.plist,
			);
			target = 67888EAD3030F2710004E861 /* stillcharging */;
		};
/* End PBXFileSystemSynchronizedBuildFileExceptionSet section */

/* Begin PBXFileSystemSynchronizedRootGroup section */
		67888EB03030F2710004E861 /* stillcharging */ = {
			isa = PBXFileSystemSynchronizedRootGroup;
			exceptions = (
				A1000000000000000000000B /* Exceptions for "stillcharging" folder in "stillcharging" target */,
			);
			path = stillcharging;
			sourceTree = "<group>";
		};
		67888EBE3030F2730004E861 /* stillchargingTests */ = {
			isa = PBXFileSystemSynchronizedRootGroup;
			path = stillchargingTests;
			sourceTree = "<group>";
		};
		67888EC83030F2730004E861 /* stillchargingUITests */ = {
			isa = PBXFileSystemSynchronizedRootGroup;
			path = stillchargingUITests;
			sourceTree = "<group>";
		};
		A10000000000000000000002 /* StillChargingMac */ = {
			isa = PBXFileSystemSynchronizedRootGroup;
			path = StillChargingMac;
			sourceTree = "<group>";
		};
		A10000000000000000000003 /* Shared */ = {
			isa = PBXFileSystemSynchronizedRootGroup;
			path = Shared;
			sourceTree = "<group>";
		};
/* End PBXFileSystemSynchronizedRootGroup section */

/* Begin PBXFrameworksBuildPhase section */
		67888EAB3030F2710004E861 /* Frameworks */ = {
			isa = PBXFrameworksBuildPhase;
			buildActionMask = 2147483647;
			files = (
			);
			runOnlyForDeploymentPostprocessing = 0;
		};
		67888EB83030F2730004E861 /* Frameworks */ = {
			isa = PBXFrameworksBuildPhase;
			buildActionMask = 2147483647;
			files = (
			);
			runOnlyForDeploymentPostprocessing = 0;
		};
		67888EC23030F2730004E861 /* Frameworks */ = {
			isa = PBXFrameworksBuildPhase;
			buildActionMask = 2147483647;
			files = (
			);
			runOnlyForDeploymentPostprocessing = 0;
		};
		A10000000000000000000006 /* Frameworks */ = {
			isa = PBXFrameworksBuildPhase;
			buildActionMask = 2147483647;
			files = (
			);
			runOnlyForDeploymentPostprocessing = 0;
		};
/* End PBXFrameworksBuildPhase section */

/* Begin PBXGroup section */
		67888EA53030F2710004E861 = {
			isa = PBXGroup;
			children = (
				67888EB03030F2710004E861 /* stillcharging */,
				A10000000000000000000002 /* StillChargingMac */,
				A10000000000000000000003 /* Shared */,
				67888EBE3030F2730004E861 /* stillchargingTests */,
				67888EC83030F2730004E861 /* stillchargingUITests */,
				67888EAF3030F2710004E861 /* Products */,
			);
			sourceTree = "<group>";
		};
		67888EAF3030F2710004E861 /* Products */ = {
			isa = PBXGroup;
			children = (
				67888EAE3030F2710004E861 /* stillcharging.app */,
				A10000000000000000000001 /* StillChargingMac.app */,
				67888EBB3030F2730004E861 /* stillchargingTests.xctest */,
				67888EC53030F2730004E861 /* stillchargingUITests.xctest */,
			);
			name = Products;
			sourceTree = "<group>";
		};
/* End PBXGroup section */

/* Begin PBXNativeTarget section */
		67888EAD3030F2710004E861 /* stillcharging */ = {
			isa = PBXNativeTarget;
			buildConfigurationList = 67888ECF3030F2730004E861 /* Build configuration list for PBXNativeTarget "stillcharging" */;
			buildPhases = (
				67888EAA3030F2710004E861 /* Sources */,
				67888EAB3030F2710004E861 /* Frameworks */,
				67888EAC3030F2710004E861 /* Resources */,
			);
			buildRules = (
			);
			dependencies = (
			);
			fileSystemSynchronizedGroups = (
				67888EB03030F2710004E861 /* stillcharging */,
				A10000000000000000000003 /* Shared */,
			);
			name = stillcharging;
			packageProductDependencies = (
			);
			productName = stillcharging;
			productReference = 67888EAE3030F2710004E861 /* stillcharging.app */;
			productType = "com.apple.product-type.application";
		};
		67888EBA3030F2730004E861 /* stillchargingTests */ = {
			isa = PBXNativeTarget;
			buildConfigurationList = 67888ED23030F2730004E861 /* Build configuration list for PBXNativeTarget "stillchargingTests" */;
			buildPhases = (
				67888EB73030F2730004E861 /* Sources */,
				67888EB83030F2730004E861 /* Frameworks */,
				67888EB93030F2730004E861 /* Resources */,
			);
			buildRules = (
			);
			dependencies = (
				67888EBD3030F2730004E861 /* PBXTargetDependency */,
			);
			fileSystemSynchronizedGroups = (
				67888EBE3030F2730004E861 /* stillchargingTests */,
			);
			name = stillchargingTests;
			packageProductDependencies = (
			);
			productName = stillchargingTests;
			productReference = 67888EBB3030F2730004E861 /* stillchargingTests.xctest */;
			productType = "com.apple.product-type.bundle.unit-test";
		};
		67888EC43030F2730004E861 /* stillchargingUITests */ = {
			isa = PBXNativeTarget;
			buildConfigurationList = 67888ED53030F2730004E861 /* Build configuration list for PBXNativeTarget "stillchargingUITests" */;
			buildPhases = (
				67888EC13030F2730004E861 /* Sources */,
				67888EC23030F2730004E861 /* Frameworks */,
				67888EC33030F2730004E861 /* Resources */,
			);
			buildRules = (
			);
			dependencies = (
				67888EC73030F2730004E861 /* PBXTargetDependency */,
			);
			fileSystemSynchronizedGroups = (
				67888EC83030F2730004E861 /* stillchargingUITests */,
			);
			name = stillchargingUITests;
			packageProductDependencies = (
			);
			productName = stillchargingUITests;
			productReference = 67888EC53030F2730004E861 /* stillchargingUITests.xctest */;
			productType = "com.apple.product-type.bundle.ui-testing";
		};
		A10000000000000000000004 /* StillChargingMac */ = {
			isa = PBXNativeTarget;
			buildConfigurationList = A10000000000000000000008 /* Build configuration list for PBXNativeTarget "StillChargingMac" */;
			buildPhases = (
				A10000000000000000000005 /* Sources */,
				A10000000000000000000006 /* Frameworks */,
				A10000000000000000000007 /* Resources */,
			);
			buildRules = (
			);
			dependencies = (
			);
			fileSystemSynchronizedGroups = (
				A10000000000000000000002 /* StillChargingMac */,
				A10000000000000000000003 /* Shared */,
			);
			name = StillChargingMac;
			packageProductDependencies = (
			);
			productName = StillChargingMac;
			productReference = A10000000000000000000001 /* StillChargingMac.app */;
			productType = "com.apple.product-type.application";
		};
/* End PBXNativeTarget section */

/* Begin PBXProject section */
		67888EA63030F2710004E861 /* Project object */ = {
			isa = PBXProject;
			attributes = {
				BuildIndependentTargetsInParallel = 1;
				LastSwiftUpdateCheck = 1640;
				LastUpgradeCheck = 1640;
				TargetAttributes = {
					67888EAD3030F2710004E861 = {
						CreatedOnToolsVersion = 16.4;
					};
					67888EBA3030F2730004E861 = {
						CreatedOnToolsVersion = 16.4;
						TestTargetID = 67888EAD3030F2710004E861;
					};
					67888EC43030F2730004E861 = {
						CreatedOnToolsVersion = 16.4;
						TestTargetID = 67888EAD3030F2710004E861;
					};
					A10000000000000000000004 = {
						CreatedOnToolsVersion = 16.4;
					};
				};
			};
			buildConfigurationList = 67888EA93030F2710004E861 /* Build configuration list for PBXProject "stillcharging" */;
			developmentRegion = en;
			hasScannedForEncodings = 0;
			knownRegions = (
				en,
				Base,
			);
			mainGroup = 67888EA53030F2710004E861;
			minimizedProjectReferenceProxies = 1;
			preferredProjectObjectVersion = 77;
			productRefGroup = 67888EAF3030F2710004E861 /* Products */;
			projectDirPath = "";
			projectRoot = "";
			targets = (
				67888EAD3030F2710004E861 /* stillcharging */,
				A10000000000000000000004 /* StillChargingMac */,
				67888EBA3030F2730004E861 /* stillchargingTests */,
				67888EC43030F2730004E861 /* stillchargingUITests */,
			);
		};
/* End PBXProject section */

/* Begin PBXResourcesBuildPhase section */
		67888EAC3030F2710004E861 /* Resources */ = {
			isa = PBXResourcesBuildPhase;
			buildActionMask = 2147483647;
			files = (
			);
			runOnlyForDeploymentPostprocessing = 0;
		};
		67888EB93030F2730004E861 /* Resources */ = {
			isa = PBXResourcesBuildPhase;
			buildActionMask = 2147483647;
			files = (
			);
			runOnlyForDeploymentPostprocessing = 0;
		};
		67888EC33030F2730004E861 /* Resources */ = {
			isa = PBXResourcesBuildPhase;
			buildActionMask = 2147483647;
			files = (
			);
			runOnlyForDeploymentPostprocessing = 0;
		};
		A10000000000000000000007 /* Resources */ = {
			isa = PBXResourcesBuildPhase;
			buildActionMask = 2147483647;
			files = (
			);
			runOnlyForDeploymentPostprocessing = 0;
		};
/* End PBXResourcesBuildPhase section */

/* Begin PBXSourcesBuildPhase section */
		67888EAA3030F2710004E861 /* Sources */ = {
			isa = PBXSourcesBuildPhase;
			buildActionMask = 2147483647;
			files = (
			);
			runOnlyForDeploymentPostprocessing = 0;
		};
		67888EB73030F2730004E861 /* Sources */ = {
			isa = PBXSourcesBuildPhase;
			buildActionMask = 2147483647;
			files = (
			);
			runOnlyForDeploymentPostprocessing = 0;
		};
		67888EC13030F2730004E861 /* Sources */ = {
			isa = PBXSourcesBuildPhase;
			buildActionMask = 2147483647;
			files = (
			);
			runOnlyForDeploymentPostprocessing = 0;
		};
		A10000000000000000000005 /* Sources */ = {
			isa = PBXSourcesBuildPhase;
			buildActionMask = 2147483647;
			files = (
			);
			runOnlyForDeploymentPostprocessing = 0;
		};
/* End PBXSourcesBuildPhase section */

/* Begin PBXTargetDependency section */
		67888EBD3030F2730004E861 /* PBXTargetDependency */ = {
			isa = PBXTargetDependency;
			target = 67888EAD3030F2710004E861 /* stillcharging */;
			targetProxy = 67888EBC3030F2730004E861 /* PBXContainerItemProxy */;
		};
		67888EC73030F2730004E861 /* PBXTargetDependency */ = {
			isa = PBXTargetDependency;
			target = 67888EAD3030F2710004E861 /* stillcharging */;
			targetProxy = 67888EC63030F2730004E861 /* PBXContainerItemProxy */;
		};
/* End PBXTargetDependency section */

/* Begin XCBuildConfiguration section */
		67888ECD3030F2730004E861 /* Debug */ = {
			isa = XCBuildConfiguration;
			buildSettings = {
				ALWAYS_SEARCH_USER_PATHS = NO;
				ASSETCATALOG_COMPILER_GENERATE_SWIFT_ASSET_SYMBOL_EXTENSIONS = YES;
				CLANG_ANALYZER_NONNULL = YES;
				CLANG_ANALYZER_NUMBER_OBJECT_CONVERSION = YES_AGGRESSIVE;
				CLANG_CXX_LANGUAGE_STANDARD = "gnu++20";
				CLANG_ENABLE_MODULES = YES;
				CLANG_ENABLE_OBJC_ARC = YES;
				CLANG_ENABLE_OBJC_WEAK = YES;
				CLANG_WARN_BLOCK_CAPTURE_AUTORELEASING = YES;
				CLANG_WARN_BOOL_CONVERSION = YES;
				CLANG_WARN_COMMA = YES;
				CLANG_WARN_CONSTANT_CONVERSION = YES;
				CLANG_WARN_DEPRECATED_OBJC_IMPLEMENTATIONS = YES;
				CLANG_WARN_DIRECT_OBJC_ISA_USAGE = YES_ERROR;
				CLANG_WARN_DOCUMENTATION_COMMENTS = YES;
				CLANG_WARN_EMPTY_BODY = YES;
				CLANG_WARN_ENUM_CONVERSION = YES;
				CLANG_WARN_INFINITE_RECURSION = YES;
				CLANG_WARN_INT_CONVERSION = YES;
				CLANG_WARN_NON_LITERAL_NULL_CONVERSION = YES;
				CLANG_WARN_OBJC_IMPLICIT_RETAIN_SELF = YES;
				CLANG_WARN_OBJC_LITERAL_CONVERSION = YES;
				CLANG_WARN_OBJC_ROOT_CLASS = YES_ERROR;
				CLANG_WARN_QUOTED_INCLUDE_IN_FRAMEWORK_HEADER = YES;
				CLANG_WARN_RANGE_LOOP_ANALYSIS = YES;
				CLANG_WARN_STRICT_PROTOTYPES = YES;
				CLANG_WARN_SUSPICIOUS_MOVE = YES;
				CLANG_WARN_UNGUARDED_AVAILABILITY = YES_AGGRESSIVE;
				CLANG_WARN_UNREACHABLE_CODE = YES;
				CLANG_WARN__DUPLICATE_METHOD_MATCH = YES;
				COPY_PHASE_STRIP = NO;
				DEBUG_INFORMATION_FORMAT = dwarf;
				DEVELOPMENT_TEAM = 36JHTK39DK;
				ENABLE_STRICT_OBJC_MSGSEND = YES;
				ENABLE_TESTABILITY = YES;
				ENABLE_USER_SCRIPT_SANDBOXING = YES;
				GCC_C_LANGUAGE_STANDARD = gnu17;
				GCC_DYNAMIC_NO_PIC = NO;
				GCC_NO_COMMON_BLOCKS = YES;
				GCC_OPTIMIZATION_LEVEL = 0;
				GCC_PREPROCESSOR_DEFINITIONS = (
					"DEBUG=1",
					"$(inherited)",
				);
				GCC_WARN_64_TO_32_BIT_CONVERSION = YES;
				GCC_WARN_ABOUT_RETURN_TYPE = YES_ERROR;
				GCC_WARN_UNDECLARED_SELECTOR = YES;
				GCC_WARN_UNINITIALIZED_AUTOS = YES_AGGRESSIVE;
				GCC_WARN_UNUSED_FUNCTION = YES;
				GCC_WARN_UNUSED_VARIABLE = YES;
				IPHONEOS_DEPLOYMENT_TARGET = 18.5;
				LOCALIZATION_PREFERS_STRING_CATALOGS = YES;
				MTL_ENABLE_DEBUG_INFO = INCLUDE_SOURCE;
				MTL_FAST_MATH = YES;
				ONLY_ACTIVE_ARCH = YES;
				SDKROOT = iphoneos;
				SWIFT_ACTIVE_COMPILATION_CONDITIONS = "DEBUG $(inherited)";
				SWIFT_OPTIMIZATION_LEVEL = "-Onone";
			};
			name = Debug;
		};
		67888ECE3030F2730004E861 /* Release */ = {
			isa = XCBuildConfiguration;
			buildSettings = {
				ALWAYS_SEARCH_USER_PATHS = NO;
				ASSETCATALOG_COMPILER_GENERATE_SWIFT_ASSET_SYMBOL_EXTENSIONS = YES;
				CLANG_ANALYZER_NONNULL = YES;
				CLANG_ANALYZER_NUMBER_OBJECT_CONVERSION = YES_AGGRESSIVE;
				CLANG_CXX_LANGUAGE_STANDARD = "gnu++20";
				CLANG_ENABLE_MODULES = YES;
				CLANG_ENABLE_OBJC_ARC = YES;
				CLANG_ENABLE_OBJC_WEAK = YES;
				CLANG_WARN_BLOCK_CAPTURE_AUTORELEASING = YES;
				CLANG_WARN_BOOL_CONVERSION = YES;
				CLANG_WARN_COMMA = YES;
				CLANG_WARN_CONSTANT_CONVERSION = YES;
				CLANG_WARN_DEPRECATED_OBJC_IMPLEMENTATIONS = YES;
				CLANG_WARN_DIRECT_OBJC_ISA_USAGE = YES_ERROR;
				CLANG_WARN_DOCUMENTATION_COMMENTS = YES;
				CLANG_WARN_EMPTY_BODY = YES;
				CLANG_WARN_ENUM_CONVERSION = YES;
				CLANG_WARN_INFINITE_RECURSION = YES;
				CLANG_WARN_INT_CONVERSION = YES;
				CLANG_WARN_NON_LITERAL_NULL_CONVERSION = YES;
				CLANG_WARN_OBJC_IMPLICIT_RETAIN_SELF = YES;
				CLANG_WARN_OBJC_LITERAL_CONVERSION = YES;
				CLANG_WARN_OBJC_ROOT_CLASS = YES_ERROR;
				CLANG_WARN_QUOTED_INCLUDE_IN_FRAMEWORK_HEADER = YES;
				CLANG_WARN_RANGE_LOOP_ANALYSIS = YES;
				CLANG_WARN_STRICT_PROTOTYPES = YES;
				CLANG_WARN_SUSPICIOUS_MOVE = YES;
				CLANG_WARN_UNGUARDED_AVAILABILITY = YES_AGGRESSIVE;
				CLANG_WARN_UNREACHABLE_CODE = YES;
				CLANG_WARN__DUPLICATE_METHOD_MATCH = YES;
				COPY_PHASE_STRIP = NO;
				DEBUG_INFORMATION_FORMAT = "dwarf-with-dsym";
				DEVELOPMENT_TEAM = 36JHTK39DK;
				ENABLE_NS_ASSERTIONS = NO;
				ENABLE_STRICT_OBJC_MSGSEND = YES;
				ENABLE_USER_SCRIPT_SANDBOXING = YES;
				GCC_C_LANGUAGE_STANDARD = gnu17;
				GCC_NO_COMMON_BLOCKS = YES;
				GCC_WARN_64_TO_32_BIT_CONVERSION = YES;
				GCC_WARN_ABOUT_RETURN_TYPE = YES_ERROR;
				GCC_WARN_UNDECLARED_SELECTOR = YES;
				GCC_WARN_UNINITIALIZED_AUTOS = YES_AGGRESSIVE;
				GCC_WARN_UNUSED_FUNCTION = YES;
				GCC_WARN_UNUSED_VARIABLE = YES;
				IPHONEOS_DEPLOYMENT_TARGET = 18.5;
				LOCALIZATION_PREFERS_STRING_CATALOGS = YES;
				MTL_ENABLE_DEBUG_INFO = NO;
				MTL_FAST_MATH = YES;
				SDKROOT = iphoneos;
				SWIFT_COMPILATION_MODE = wholemodule;
				VALIDATE_PRODUCT = YES;
			};
			name = Release;
		};
		67888ED03030F2730004E861 /* Debug */ = {
			isa = XCBuildConfiguration;
			buildSettings = {
				ASSETCATALOG_COMPILER_APPICON_NAME = AppIcon;
				ASSETCATALOG_COMPILER_GLOBAL_ACCENT_COLOR_NAME = AccentColor;
				CODE_SIGN_STYLE = Automatic;
				CURRENT_PROJECT_VERSION = 1;
				DEVELOPMENT_TEAM = 36JHTK39DK;
				ENABLE_PREVIEWS = YES;
				GENERATE_INFOPLIST_FILE = YES;
				INFOPLIST_FILE = stillcharging/Info.plist;
				INFOPLIST_KEY_NSBluetoothAlwaysUsageDescription = "Still Charging uses Bluetooth to send your iPhone battery level to your nearby Mac when you request a refresh.";
				INFOPLIST_KEY_UIApplicationSceneManifest_Generation = YES;
				INFOPLIST_KEY_UIApplicationSupportsIndirectInputEvents = YES;
				INFOPLIST_KEY_UIBackgroundModes = "bluetooth-peripheral";
				INFOPLIST_KEY_UILaunchScreen_Generation = YES;
				INFOPLIST_KEY_UISupportedInterfaceOrientations_iPad = "UIInterfaceOrientationPortrait UIInterfaceOrientationPortraitUpsideDown UIInterfaceOrientationLandscapeLeft UIInterfaceOrientationLandscapeRight";
				INFOPLIST_KEY_UISupportedInterfaceOrientations_iPhone = "UIInterfaceOrientationPortrait UIInterfaceOrientationLandscapeLeft UIInterfaceOrientationLandscapeRight";
				LD_RUNPATH_SEARCH_PATHS = (
					"$(inherited)",
					"@executable_path/Frameworks",
				);
				MARKETING_VERSION = 1.0;
				PRODUCT_BUNDLE_IDENTIFIER = com.elifdodanli.stillcharging;
				PRODUCT_NAME = "$(TARGET_NAME)";
				SWIFT_EMIT_LOC_STRINGS = YES;
				SWIFT_VERSION = 5.0;
				TARGETED_DEVICE_FAMILY = "1,2";
			};
			name = Debug;
		};
		67888ED13030F2730004E861 /* Release */ = {
			isa = XCBuildConfiguration;
			buildSettings = {
				ASSETCATALOG_COMPILER_APPICON_NAME = AppIcon;
				ASSETCATALOG_COMPILER_GLOBAL_ACCENT_COLOR_NAME = AccentColor;
				CODE_SIGN_STYLE = Automatic;
				CURRENT_PROJECT_VERSION = 1;
				DEVELOPMENT_TEAM = 36JHTK39DK;
				ENABLE_PREVIEWS = YES;
				GENERATE_INFOPLIST_FILE = YES;
				INFOPLIST_FILE = stillcharging/Info.plist;
				INFOPLIST_KEY_NSBluetoothAlwaysUsageDescription = "Still Charging uses Bluetooth to send your iPhone battery level to your nearby Mac when you request a refresh.";
				INFOPLIST_KEY_UIApplicationSceneManifest_Generation = YES;
				INFOPLIST_KEY_UIApplicationSupportsIndirectInputEvents = YES;
				INFOPLIST_KEY_UIBackgroundModes = "bluetooth-peripheral";
				INFOPLIST_KEY_UILaunchScreen_Generation = YES;
				INFOPLIST_KEY_UISupportedInterfaceOrientations_iPad = "UIInterfaceOrientationPortrait UIInterfaceOrientationPortraitUpsideDown UIInterfaceOrientationLandscapeLeft UIInterfaceOrientationLandscapeRight";
				INFOPLIST_KEY_UISupportedInterfaceOrientations_iPhone = "UIInterfaceOrientationPortrait UIInterfaceOrientationLandscapeLeft UIInterfaceOrientationLandscapeRight";
				LD_RUNPATH_SEARCH_PATHS = (
					"$(inherited)",
					"@executable_path/Frameworks",
				);
				MARKETING_VERSION = 1.0;
				PRODUCT_BUNDLE_IDENTIFIER = com.elifdodanli.stillcharging;
				PRODUCT_NAME = "$(TARGET_NAME)";
				SWIFT_EMIT_LOC_STRINGS = YES;
				SWIFT_VERSION = 5.0;
				TARGETED_DEVICE_FAMILY = "1,2";
			};
			name = Release;
		};
		67888ED33030F2730004E861 /* Debug */ = {
			isa = XCBuildConfiguration;
			buildSettings = {
				BUNDLE_LOADER = "$(TEST_HOST)";
				CODE_SIGN_STYLE = Automatic;
				CURRENT_PROJECT_VERSION = 1;
				DEVELOPMENT_TEAM = 36JHTK39DK;
				GENERATE_INFOPLIST_FILE = YES;
				IPHONEOS_DEPLOYMENT_TARGET = 18.5;
				MARKETING_VERSION = 1.0;
				PRODUCT_BUNDLE_IDENTIFIER = com.elifdodanli.stillchargingTests;
				PRODUCT_NAME = "$(TARGET_NAME)";
				SWIFT_EMIT_LOC_STRINGS = NO;
				SWIFT_VERSION = 5.0;
				TARGETED_DEVICE_FAMILY = "1,2";
				TEST_HOST = "$(BUILT_PRODUCTS_DIR)/stillcharging.app/$(BUNDLE_EXECUTABLE_FOLDER_PATH)/stillcharging";
			};
			name = Debug;
		};
		67888ED43030F2730004E861 /* Release */ = {
			isa = XCBuildConfiguration;
			buildSettings = {
				BUNDLE_LOADER = "$(TEST_HOST)";
				CODE_SIGN_STYLE = Automatic;
				CURRENT_PROJECT_VERSION = 1;
				DEVELOPMENT_TEAM = 36JHTK39DK;
				GENERATE_INFOPLIST_FILE = YES;
				IPHONEOS_DEPLOYMENT_TARGET = 18.5;
				MARKETING_VERSION = 1.0;
				PRODUCT_BUNDLE_IDENTIFIER = com.elifdodanli.stillchargingTests;
				PRODUCT_NAME = "$(TARGET_NAME)";
				SWIFT_EMIT_LOC_STRINGS = NO;
				SWIFT_VERSION = 5.0;
				TARGETED_DEVICE_FAMILY = "1,2";
				TEST_HOST = "$(BUILT_PRODUCTS_DIR)/stillcharging.app/$(BUNDLE_EXECUTABLE_FOLDER_PATH)/stillcharging";
			};
			name = Release;
		};
		67888ED63030F2730004E861 /* Debug */ = {
			isa = XCBuildConfiguration;
			buildSettings = {
				CODE_SIGN_STYLE = Automatic;
				CURRENT_PROJECT_VERSION = 1;
				DEVELOPMENT_TEAM = 36JHTK39DK;
				GENERATE_INFOPLIST_FILE = YES;
				MARKETING_VERSION = 1.0;
				PRODUCT_BUNDLE_IDENTIFIER = com.elifdodanli.stillchargingUITests;
				PRODUCT_NAME = "$(TARGET_NAME)";
				SWIFT_EMIT_LOC_STRINGS = NO;
				SWIFT_VERSION = 5.0;
				TARGETED_DEVICE_FAMILY = "1,2";
				TEST_TARGET_NAME = stillcharging;
			};
			name = Debug;
		};
		67888ED73030F2730004E861 /* Release */ = {
			isa = XCBuildConfiguration;
			buildSettings = {
				CODE_SIGN_STYLE = Automatic;
				CURRENT_PROJECT_VERSION = 1;
				DEVELOPMENT_TEAM = 36JHTK39DK;
				GENERATE_INFOPLIST_FILE = YES;
				MARKETING_VERSION = 1.0;
				PRODUCT_BUNDLE_IDENTIFIER = com.elifdodanli.stillchargingUITests;
				PRODUCT_NAME = "$(TARGET_NAME)";
				SWIFT_EMIT_LOC_STRINGS = NO;
				SWIFT_VERSION = 5.0;
				TARGETED_DEVICE_FAMILY = "1,2";
				TEST_TARGET_NAME = stillcharging;
			};
			name = Release;
		};
		A10000000000000000000009 /* Debug */ = {
			isa = XCBuildConfiguration;
			buildSettings = {
				CODE_SIGN_ENTITLEMENTS = StillChargingMac/StillChargingMac.entitlements;
				CODE_SIGN_STYLE = Automatic;
				CURRENT_PROJECT_VERSION = 1;
				DEVELOPMENT_TEAM = 36JHTK39DK;
				ENABLE_APP_SANDBOX = YES;
				ENABLE_HARDENED_RUNTIME = YES;
				ENABLE_PREVIEWS = YES;
				GENERATE_INFOPLIST_FILE = YES;
				INFOPLIST_KEY_CFBundleDisplayName = "Still Charging";
				INFOPLIST_KEY_LSApplicationCategoryType = "public.app-category.utilities";
				INFOPLIST_KEY_LSUIElement = YES;
				INFOPLIST_KEY_NSBluetoothAlwaysUsageDescription = "Still Charging uses Bluetooth to request your iPhone battery level when you press Refresh.";
				LD_RUNPATH_SEARCH_PATHS = (
					"$(inherited)",
					"@executable_path/../Frameworks",
				);
				MACOSX_DEPLOYMENT_TARGET = 14.0;
				MARKETING_VERSION = 1.0;
				PRODUCT_BUNDLE_IDENTIFIER = com.elifdodanli.stillcharging.mac;
				PRODUCT_NAME = "$(TARGET_NAME)";
				SDKROOT = macosx;
				SWIFT_EMIT_LOC_STRINGS = YES;
				SWIFT_VERSION = 5.0;
			};
			name = Debug;
		};
		A1000000000000000000000A /* Release */ = {
			isa = XCBuildConfiguration;
			buildSettings = {
				CODE_SIGN_ENTITLEMENTS = StillChargingMac/StillChargingMac.entitlements;
				CODE_SIGN_STYLE = Automatic;
				CURRENT_PROJECT_VERSION = 1;
				DEVELOPMENT_TEAM = 36JHTK39DK;
				ENABLE_APP_SANDBOX = YES;
				ENABLE_HARDENED_RUNTIME = YES;
				ENABLE_PREVIEWS = YES;
				GENERATE_INFOPLIST_FILE = YES;
				INFOPLIST_KEY_CFBundleDisplayName = "Still Charging";
				INFOPLIST_KEY_LSApplicationCategoryType = "public.app-category.utilities";
				INFOPLIST_KEY_LSUIElement = YES;
				INFOPLIST_KEY_NSBluetoothAlwaysUsageDescription = "Still Charging uses Bluetooth to request your iPhone battery level when you press Refresh.";
				LD_RUNPATH_SEARCH_PATHS = (
					"$(inherited)",
					"@executable_path/../Frameworks",
				);
				MACOSX_DEPLOYMENT_TARGET = 14.0;
				MARKETING_VERSION = 1.0;
				PRODUCT_BUNDLE_IDENTIFIER = com.elifdodanli.stillcharging.mac;
				PRODUCT_NAME = "$(TARGET_NAME)";
				SDKROOT = macosx;
				SWIFT_EMIT_LOC_STRINGS = YES;
				SWIFT_VERSION = 5.0;
			};
			name = Release;
		};
/* End XCBuildConfiguration section */

/* Begin XCConfigurationList section */
		67888EA93030F2710004E861 /* Build configuration list for PBXProject "stillcharging" */ = {
			isa = XCConfigurationList;
			buildConfigurations = (
				67888ECD3030F2730004E861 /* Debug */,
				67888ECE3030F2730004E861 /* Release */,
			);
			defaultConfigurationIsVisible = 0;
			defaultConfigurationName = Release;
		};
		67888ECF3030F2730004E861 /* Build configuration list for PBXNativeTarget "stillcharging" */ = {
			isa = XCConfigurationList;
			buildConfigurations = (
				67888ED03030F2730004E861 /* Debug */,
				67888ED13030F2730004E861 /* Release */,
			);
			defaultConfigurationIsVisible = 0;
			defaultConfigurationName = Release;
		};
		67888ED23030F2730004E861 /* Build configuration list for PBXNativeTarget "stillchargingTests" */ = {
			isa = XCConfigurationList;
			buildConfigurations = (
				67888ED33030F2730004E861 /* Debug */,
				67888ED43030F2730004E861 /* Release */,
			);
			defaultConfigurationIsVisible = 0;
			defaultConfigurationName = Release;
		};
		67888ED53030F2730004E861 /* Build configuration list for PBXNativeTarget "stillchargingUITests" */ = {
			isa = XCConfigurationList;
			buildConfigurations = (
				67888ED63030F2730004E861 /* Debug */,
				67888ED73030F2730004E861 /* Release */,
			);
			defaultConfigurationIsVisible = 0;
			defaultConfigurationName = Release;
		};
		A10000000000000000000008 /* Build configuration list for PBXNativeTarget "StillChargingMac" */ = {
			isa = XCConfigurationList;
			buildConfigurations = (
				A10000000000000000000009 /* Debug */,
				A1000000000000000000000A /* Release */,
			);
			defaultConfigurationIsVisible = 0;
			defaultConfigurationName = Release;
		};
/* End XCConfigurationList section */
	};
	rootObject = 67888EA63030F2710004E861 /* Project object */;
}
